
Microsoft Visual Studio Solution File, Format Version 12.00
# Visual Studio Version 16
VisualStudioVersion = 16.6.30114.105
MinimumVisualStudioVersion = 10.0.40219.1
Project("{2150E333-8FDC-42A3-9474-1A3956D46DE8}") = "src", "src", "{F2795DCB-A695-448C-B168-47ECFE496DD0}"
EndProject
Project("{FAE04EC0-301F-11D3-BF4B-00C04F79EFBC}") = "CommandAPI", "src\CommandAPI\CommandAPI.csproj", "{D3B94698-EFB8-4D88-B85E-74F1CBA9F430}"
EndProject
Project("{2150E333-8FDC-42A3-9474-1A3956D46DE8}") = "test", "test", "{3C2EB263-BF52-49AD-88D3-978AFAEFC088}"
EndProject
Project("{FAE04EC0-301F-11D3-BF4B-00C04F79EFBC}") = "CommandAPI.Tests", "test\CommandAPI.Tests\CommandAPI.Tests.csproj", "{DCA895F8-9447-432C-93C5-8ADC73142871}"
EndProject
Global
	GlobalSection(SolutionConfigurationPlatforms) = preSolution
		Debug|Any CPU = Debug|Any CPU
		Debug|x64 = Debug|x64
		Debug|x86 = Debug|x86
		Release|Any CPU = Release|Any CPU
		Release|x64 = Release|x64
		Release|x86 = Release|x86
	EndGlobalSection
	GlobalSection(SolutionProperties) = preSolution
		HideSolutionNode = FALSE
	EndGlobalSection
	GlobalSection(ProjectConfigurationPlatforms) = postSolution
		{D3B94698-EFB8-4D88-B85E-74F1CBA9F430}.Debug|Any CPU.ActiveCfg = Debug|Any CPU
		{D3B94698-EFB8-4D88-B85E-74F1CBA9F430}.Debug|Any CPU.Build.0 = Debug|Any CPU
		{D3B94698-EFB8-4D88-B85E-74F1CBA9F430}.Debug|x64.ActiveCfg = Debug|Any CPU
		{D3B94698-EFB8-4D88-B85E-74F1CBA9F430}.Debug|x64.Build.0 = Debug|Any CPU
		{D3B94698-EFB8-4D88-B85E-74F1CBA9F430}.Debug|x86.ActiveCfg = Debug|Any CPU
		{D3B94698-EFB8-4D88-B85E-74F1CBA9F430}.Debug|x86.Build.0 = Debug|Any CPU
		{D3B94698-EFB8-4D88-B85E-74F1CBA9F430}.Release|Any CPU.ActiveCfg = Release|Any CPU
		{D3B94698-EFB8-4D88-B85E-74F1CBA9F430}.Release|Any CPU.Build.0 = Release|Any CPU
		{D3B94698-EFB8-4D88-B85E-74F1CBA9F430}.Release|x64.ActiveCfg = Release|Any CPU
		{D3B94698-EFB8-4D88-B85E-74F1CBA9F430}.Release|x64.Build.0 = Release|Any CPU
		{D3B94698-EFB8-4D88-B85E-74F1CBA9F430}.Release|x86.ActiveCfg = Release|Any CPU
		{D3B94698-EFB8-4D88-B85E-74F1CBA9F430}.Release|x86.Build.0 = Release|Any CPU
		{DCA895F8-9447-432C-93C5-8ADC73142871}.Debug|Any CPU.ActiveCfg = Debug|Any CPU
		{DCA895F8-9447-432C-93C5-8ADC73142871}.Debug|Any CPU.Build.0 = Debug|Any CPU
		{DCA895F8-9447-432C-93C5-8ADC73142871}.Debug|x64.ActiveCfg = Debug|Any CPU
		{DCA895F8-9447-432C-93C5-8ADC73142871}.Debug|x64.Build.0 = Debug|Any CPU
		{DCA895F8-9447-432C-93C5-8ADC73142871}.Debug|x86.ActiveCfg = Debug|Any CPU
		{DCA895F8-9447-432C-93C5-8ADC73142871}.Debug|x86.Build.0 = Debug|Any CPU
		{DCA895F8-9447-432C-93C5-8ADC73142871}.Release|Any CPU.ActiveCfg = Release|Any CPU
		{DCA895F8-9447-432C-93C5-8ADC73142871}.Release|Any CPU.Build.0 = Release|Any CPU
		{DCA895F8-9447-432C-93C5-8ADC73142871}.Release|x64.ActiveCfg = Release|Any CPU
		{DCA895F8-9447-432C-93C5-8ADC73142871}.Release|x64.Build.0 = Release|Any CPU
		{DCA895F8-9447-432C-93C5-8ADC73142871}.Release|x86.ActiveCfg = Release|Any CPU
		{DCA895F8-9447-432C-93C5-8ADC73142871}.Release|x86.Build.0 = Release|Any CPU
	EndGlobalSection
	GlobalSection(NestedProjects) = preSolution
		{D3B94698-EFB8-4D88-B85E-74F1CBA9F430} = {F2795DCB-A695-448C-B168-47ECFE496DD0}
		{DCA895F8-9447-432C-93C5-8ADC73142871} = {3C2EB263-BF52-49AD-88D3-978AFAEFC088}
	EndGlobalSection
EndGlobal
